
Microsoft Visual Studio Solution File, Format Version 12.00
# Visual Studio Version 16
VisualStudioVersion = 16.0.30621.155
MinimumVisualStudioVersion = 10.0.40219.1
Project("{9A19103F-16F7-4668-BE54-9A1E7A4F7556}") = "APTSharp", "APTSharp\APTSharp.csproj", "{5214A3EE-4FF6-4820-8724-144BCC5962C9}"
EndProject
Project("{9A19103F-16F7-4668-BE54-9A1E7A4F7556}") = "APTSharpConsole", "APTSharpConsole\APTSharpConsole.csproj", "{660D28CC-80E2-4C14-BD49-4AAAF3CE30E4}"
EndProject
Global
	GlobalSection(SolutionConfigurationPlatforms) = preSolution
		Debug|Any CPU = Debug|Any CPU
		Release|Any CPU = Release|Any CPU
	EndGlobalSection
	GlobalSection(ProjectConfigurationPlatforms) = postSolution
		{5214A3EE-4FF6-4820-8724-144BCC5962C9}.Debug|Any CPU.ActiveCfg = Debug|Any CPU
		{5214A3EE-4FF6-4820-8724-144BCC5962C9}.Debug|Any CPU.Build.0 = Debug|Any CPU
		{5214A3EE-4FF6-4820-8724-144BCC5962C9}.Release|Any CPU.ActiveCfg = Release|Any CPU
		{5214A3EE-4FF6-4820-8724-144BCC5962C9}.Release|Any CPU.Build.0 = Release|Any CPU
		{660D28CC-80E2-4C14-BD49-4AAAF3CE30E4}.Debug|Any CPU.ActiveCfg = Debug|Any CPU
		{660D28CC-80E2-4C14-BD49-4AAAF3CE30E4}.Debug|Any CPU.Build.0 = Debug|Any CPU
		{660D28CC-80E2-4C14-BD49-4AAAF3CE30E4}.Release|Any CPU.ActiveCfg = Release|Any CPU
		{660D28CC-80E2-4C14-BD49-4AAAF3CE30E4}.Release|Any CPU.Build.0 = Release|Any CPU
	EndGlobalSection
	GlobalSection(SolutionProperties) = preSolution
		HideSolutionNode = FALSE
	EndGlobalSection
	GlobalSection(ExtensibilityGlobals) = postSolution
		SolutionGuid = {3A6E19DF-5221-4E4F-8568-357C12F30603}
	EndGlobalSection
EndGlobal
